
Microsoft Visual Studio Solution File, Format Version 12.00
# Visual Studio Version 17
VisualStudioVersion = 17.11.34909.67
MinimumVisualStudioVersion = 10.0.40219.1
Project("{8BC9CEB8-8B4A-11D0-8D11-00A0C91BC942}") = "Snake", "Snake\Snake.vcxproj", "{04DCD2D5-CA2A-47AD-9AE7-EA6FC933442E}"
EndProject
Global
	GlobalSection(SolutionConfigurationPlatforms) = preSolution
		Debug|x64 = Debug|x64
		Debug|x86 = Debug|x86
		Release|x64 = Release|x64
		Release|x86 = Release|x86
	EndGlobalSection
	GlobalSection(ProjectConfigurationPlatforms) = postSolution
		{04DCD2D5-CA2A-47AD-9AE7-EA6FC933442E}.Debug|x64.ActiveCfg = Debug|x64
		{04DCD2D5-CA2A-47AD-9AE7-EA6FC933442E}.Debug|x64.Build.0 = Debug|x64
		{04DCD2D5-CA2A-47AD-9AE7-EA6FC933442E}.Debug|x86.ActiveCfg = Debug|Win32
		{04DCD2D5-CA2A-47AD-9AE7-EA6FC933442E}.Debug|x86.Build.0 = Debug|Win32
		{04DCD2D5-CA2A-47AD-9AE7-EA6FC933442E}.Release|x64.ActiveCfg = Release|x64
		{04DCD2D5-CA2A-47AD-9AE7-EA6FC933442E}.Release|x64.Build.0 = Release|x64
		{04DCD2D5-CA2A-47AD-9AE7-EA6FC933442E}.Release|x86.ActiveCfg = Release|Win32
		{04DCD2D5-CA2A-47AD-9AE7-EA6FC933442E}.Release|x86.Build.0 = Release|Win32
	EndGlobalSection
	GlobalSection(SolutionProperties) = preSolution
		HideSolutionNode = FALSE
	EndGlobalSection
	GlobalSection(ExtensibilityGlobals) = postSolution
		SolutionGuid = {DB7D7F2B-F989-4115-88BB-3FEC27271C09}
	EndGlobalSection
EndGlobal
